<?xml version="1.0" encoding="utf-8"?>
<Project ToolsVersion="4.0" xmlns="http://schemas.microsoft.com/developer/msbuild/2003">
  <ItemGroup>
    <Filter Include="Source Files">
      <UniqueIdentifier>{4FC737F1-C7A5-4376-A066-2A32D752A2FF}</UniqueIdentifier>
      <Extensions>cpp;c;cc;cxx;def;odl;idl;hpj;bat;asm;asmx</Extensions>
    </Filter>
    <Filter Include="Header Files">
      <UniqueIdentifier>{93995380-89BD-4b04-88EB-625FBE52EBFB}</UniqueIdentifier>
      <Extensions>h;hh;hpp;hxx;hm;inl;inc;ipp;xsd</Extensions>
    </Filter>
    <Filter Include="Resource Files">
      <UniqueIdentifier>{67DA6AB6-F800-4c08-8B7A-83BB121AAD01}</UniqueIdentifier>
      <Extensions>rc;ico;cur;bmp;dlg;rc2;rct;bin;rgs;gif;jpg;jpeg;jpe;resx;tiff;tif;png;wav;mfcribbon-ms</Extensions>
    </Filter>
  </ItemGroup>
  <ItemGroup>
    <ClInclude Include="stdafx.h">
      <Filter>Header Files</Filter>
    </ClInclude>
    <ClInclude Include="targetver.h">
      <Filter>Header Files</Filter>
    </ClInclude>
    <ClInclude Include="Resource.h">
      <Filter>Header Files</Filter>
    </ClInclude>
    <ClInclude Include="viewheic.h">
      <Filter>Header Files</Filter>
    </ClInclude>
    <ClInclude Include="SimpleDlg.h">
      <Filter>Header Files</Filter>
    </ClInclude>
    <ClInclude Include="HeifImage.h">
      <Filter>Header Files</Filter>
    </ClInclude>
    <ClInclude Include="ToolsDlg.h">
      <Filter>Header Files</Filter>
    </ClInclude>
    <ClInclude Include="CodecImage.h">
      <Filter>Header Files</Filter>
    </ClInclude>
    <ClInclude Include="StreamOnFile.h">
      <Filter>Header Files</Filter>
    </ClInclude>
    <ClInclude Include="IUnknownImpl.h">
      <Filter>Header Files</Filter>
    </ClInclude>
    <ClInclude Include="ExifIfd.h">
      <Filter>Header Files</Filter>
    </ClInclude>
    <ClInclude Include="app.h">
      <Filter>Header Files</Filter>
    </ClInclude>
    <ClInclude Include="helper.h">
      <Filter>Header Files</Filter>
    </ClInclude>
    <ClInclude Include="AboutDlg.h">
      <Filter>Header Files</Filter>
    </ClInclude>
    <ClInclude Include="appver.h">
      <Filter>Header Files</Filter>
    </ClInclude>
  </ItemGroup>
  <ItemGroup>
    <ClCompile Include="stdafx.cpp">
      <Filter>Source Files</Filter>
    </ClCompile>
    <ClCompile Include="viewheic.cpp">
      <Filter>Source Files</Filter>
    </ClCompile>
    <ClCompile Include="HeifImage.cpp">
      <Filter>Source Files</Filter>
    </ClCompile>
    <ClCompile Include="ExifIfd.cpp">
      <Filter>Source Files</Filter>
    </ClCompile>
    <ClCompile Include="helper.cpp">
      <Filter>Source Files</Filter>
    </ClCompile>
  </ItemGroup>
  <ItemGroup>
    <Image Include="res\app.ico">
      <Filter>Resource Files</Filter>
    </Image>
    <Image Include="res\app_s.ico">
      <Filter>Resource Files</Filter>
    </Image>
    <Image Include="res\zoom.bmp">
      <Filter>Resource Files</Filter>
    </Image>
    <Image Include="res\rotate.bmp">
      <Filter>Resource Files</Filter>
    </Image>
    <Image Include="res\print.bmp">
      <Filter>Resource Files</Filter>
    </Image>
    <Image Include="res\saveas.bmp">
      <Filter>Resource Files</Filter>
    </Image>
    <Image Include="res\zoom.ico">
      <Filter>Resource Files</Filter>
    </Image>
    <Image Include="res\print.ico">
      <Filter>Resource Files</Filter>
    </Image>
    <Image Include="res\rotate.ico">
      <Filter>Resource Files</Filter>
    </Image>
    <Image Include="res\saveas.ico">
      <Filter>Resource Files</Filter>
    </Image>
  </ItemGroup>
  <ItemGroup>
    <None Include="res\app.rc2">
      <Filter>Resource Files</Filter>
    </None>
  </ItemGroup>
  <ItemGroup>
    <ResourceCompile Include="app.rc">
      <Filter>Resource Files</Filter>
    </ResourceCompile>
  </ItemGroup>
</Project>